
Microsoft Visual Studio Solution File, Format Version 12.00
# Visual Studio 2012
Project("{8BC9CEB8-8B4A-11D0-8D11-00A0C91BC942}") = "a1", "a1\a1.vcxproj", "{35AAD1B9-EB7C-49A4-91CA-E3C5F31472D4}"
EndProject
Project("{8BC9CEB8-8B4A-11D0-8D11-00A0C91BC942}") = "a2", "a2\a2.vcxproj", "{C03E7402-74C3-401E-A369-C8385D0E7E8D}"
EndProject
Project("{8BC9CEB8-8B4A-11D0-8D11-00A0C91BC942}") = "a3", "a3\a3.vcxproj", "{106A579F-AC9A-4AFD-8D10-9DAC1CBCEF7A}"
EndProject
Project("{8BC9CEB8-8B4A-11D0-8D11-00A0C91BC942}") = "a4", "a4\a4.vcxproj", "{DFFBF95E-C7F5-433F-8F00-B123AEF3523B}"
EndProject
Global
	GlobalSection(SolutionConfigurationPlatforms) = preSolution
		Debug|Win32 = Debug|Win32
		Release|Win32 = Release|Win32
	EndGlobalSection
	GlobalSection(ProjectConfigurationPlatforms) = postSolution
		{35AAD1B9-EB7C-49A4-91CA-E3C5F31472D4}.Debug|Win32.ActiveCfg = Debug|Win32
		{35AAD1B9-EB7C-49A4-91CA-E3C5F31472D4}.Debug|Win32.Build.0 = Debug|Win32
		{35AAD1B9-EB7C-49A4-91CA-E3C5F31472D4}.Release|Win32.ActiveCfg = Release|Win32
		{35AAD1B9-EB7C-49A4-91CA-E3C5F31472D4}.Release|Win32.Build.0 = Release|Win32
		{C03E7402-74C3-401E-A369-C8385D0E7E8D}.Debug|Win32.ActiveCfg = Debug|Win32
		{C03E7402-74C3-401E-A369-C8385D0E7E8D}.Debug|Win32.Build.0 = Debug|Win32
		{C03E7402-74C3-401E-A369-C8385D0E7E8D}.Release|Win32.ActiveCfg = Release|Win32
		{C03E7402-74C3-401E-A369-C8385D0E7E8D}.Release|Win32.Build.0 = Release|Win32
		{106A579F-AC9A-4AFD-8D10-9DAC1CBCEF7A}.Debug|Win32.ActiveCfg = Debug|Win32
		{106A579F-AC9A-4AFD-8D10-9DAC1CBCEF7A}.Debug|Win32.Build.0 = Debug|Win32
		{106A579F-AC9A-4AFD-8D10-9DAC1CBCEF7A}.Release|Win32.ActiveCfg = Release|Win32
		{106A579F-AC9A-4AFD-8D10-9DAC1CBCEF7A}.Release|Win32.Build.0 = Release|Win32
		{DFFBF95E-C7F5-433F-8F00-B123AEF3523B}.Debug|Win32.ActiveCfg = Debug|Win32
		{DFFBF95E-C7F5-433F-8F00-B123AEF3523B}.Debug|Win32.Build.0 = Debug|Win32
		{DFFBF95E-C7F5-433F-8F00-B123AEF3523B}.Release|Win32.ActiveCfg = Release|Win32
		{DFFBF95E-C7F5-433F-8F00-B123AEF3523B}.Release|Win32.Build.0 = Release|Win32
	EndGlobalSection
	GlobalSection(SolutionProperties) = preSolution
		HideSolutionNode = FALSE
	EndGlobalSection
EndGlobal
